
Microsoft Visual Studio Solution File, Format Version 12.00
# Visual Studio Version 16
VisualStudioVersion = 16.0.30011.22
MinimumVisualStudioVersion = 10.0.40219.1
Project("{9A19103F-16F7-4668-BE54-9A1E7A4F7556}") = "UrbanNoise.POC.Storage.Repositories", "UrbanNoise.POC.Storage.Repositories\UrbanNoise.POC.Storage.Repositories.csproj", "{A7041719-0DA4-4BCB-8BC9-1AD3DAC44983}"
EndProject
Project("{9A19103F-16F7-4668-BE54-9A1E7A4F7556}") = "UrbanNoise.POC.Storage.Repositories.Abstractions", "UrbanNoise.POC.Storage.Repositories.Abstractions\UrbanNoise.POC.Storage.Repositories.Abstractions.csproj", "{746FAE22-C032-4A77-978C-BCDAD9347FA2}"
EndProject
Project("{9A19103F-16F7-4668-BE54-9A1E7A4F7556}") = "UrbanNoise.POC.Storage.Domain.Abstractions", "UrbanNoise.POC.Storage.Domain.Abstractions\UrbanNoise.POC.Storage.Domain.Abstractions.csproj", "{2707AE3F-215F-4F5F-AD56-E0ACE16BB740}"
EndProject
Project("{9A19103F-16F7-4668-BE54-9A1E7A4F7556}") = "UrbanNoise.POC.Storage.WebApi", "UrbanNoise.POC.Storage.WebApi\UrbanNoise.POC.Storage.WebApi.csproj", "{05BC14FE-7282-449A-9414-AE0D52D3D63D}"
EndProject
Global
	GlobalSection(SolutionConfigurationPlatforms) = preSolution
		Debug|Any CPU = Debug|Any CPU
		Release|Any CPU = Release|Any CPU
	EndGlobalSection
	GlobalSection(ProjectConfigurationPlatforms) = postSolution
		{A7041719-0DA4-4BCB-8BC9-1AD3DAC44983}.Debug|Any CPU.ActiveCfg = Debug|Any CPU
		{A7041719-0DA4-4BCB-8BC9-1AD3DAC44983}.Debug|Any CPU.Build.0 = Debug|Any CPU
		{A7041719-0DA4-4BCB-8BC9-1AD3DAC44983}.Release|Any CPU.ActiveCfg = Release|Any CPU
		{A7041719-0DA4-4BCB-8BC9-1AD3DAC44983}.Release|Any CPU.Build.0 = Release|Any CPU
		{746FAE22-C032-4A77-978C-BCDAD9347FA2}.Debug|Any CPU.ActiveCfg = Debug|Any CPU
		{746FAE22-C032-4A77-978C-BCDAD9347FA2}.Debug|Any CPU.Build.0 = Debug|Any CPU
		{746FAE22-C032-4A77-978C-BCDAD9347FA2}.Release|Any CPU.ActiveCfg = Release|Any CPU
		{746FAE22-C032-4A77-978C-BCDAD9347FA2}.Release|Any CPU.Build.0 = Release|Any CPU
		{2707AE3F-215F-4F5F-AD56-E0ACE16BB740}.Debug|Any CPU.ActiveCfg = Debug|Any CPU
		{2707AE3F-215F-4F5F-AD56-E0ACE16BB740}.Debug|Any CPU.Build.0 = Debug|Any CPU
		{2707AE3F-215F-4F5F-AD56-E0ACE16BB740}.Release|Any CPU.ActiveCfg = Release|Any CPU
		{2707AE3F-215F-4F5F-AD56-E0ACE16BB740}.Release|Any CPU.Build.0 = Release|Any CPU
		{05BC14FE-7282-449A-9414-AE0D52D3D63D}.Debug|Any CPU.ActiveCfg = Debug|Any CPU
		{05BC14FE-7282-449A-9414-AE0D52D3D63D}.Debug|Any CPU.Build.0 = Debug|Any CPU
		{05BC14FE-7282-449A-9414-AE0D52D3D63D}.Release|Any CPU.ActiveCfg = Release|Any CPU
		{05BC14FE-7282-449A-9414-AE0D52D3D63D}.Release|Any CPU.Build.0 = Release|Any CPU
	EndGlobalSection
	GlobalSection(SolutionProperties) = preSolution
		HideSolutionNode = FALSE
	EndGlobalSection
	GlobalSection(ExtensibilityGlobals) = postSolution
		SolutionGuid = {02F444C9-9C8C-42D9-BDAD-4C9CC0483932}
	EndGlobalSection
EndGlobal
